{
  "name": "seo-optimizer",
  "version": "1.0.0",
  "lockfileVersion": 3,
  "requires": true,
  "packages": {
    "": {
      "name": "seo-optimizer",
      "version": "1.0.0",
      "dependencies": {
        "bibtex-parse-js": "^0.0.6"
      }
    },
    "node_modules/bibtex-parse-js": {
      "version": "0.0.6",
      "resolved": "https://registry.npmjs.org/bibtex-parse-js/-/bibtex-parse-js-0.0.6.tgz",
      "integrity": "sha512-Ip3BHunE+h298pzPqOJv/BxSHDbx7W+9J7gFg9ADsur6hNWpuuCfC0zR+T0Jl1T5gt4hkbBIPF3KphrFzaioJg==",
      "license": "MIT"
    }
  }
}
